// !$*UTF8*$!
{
	archiveVersion = 1;
	classes = {
	};
	objectVersion = 56;
	objects = {

/* Begin PBXBuildFile section */
		9408933F2917C1B300935D23 /* messages.swift in Sources */ = {isa = PBXBuildFile; fileRef = 9408933E2917C1B300935D23 /* messages.swift */; };
		9452A24D292D96AE00B3E205 /* players.swift in Sources */ = {isa = PBXBuildFile; fileRef = 9452A24C292D96AE00B3E205 /* players.swift */; };
		94A2D1942914FDC10090B9CC /* character.swift in Sources */ = {isa = PBXBuildFile; fileRef = 94A2D1932914FDC10090B9CC /* character.swift */; };
		94B8AE8029077B1A0090C903 /* game.swift in Sources */ = {isa = PBXBuildFile; fileRef = 94B8AE7F29077B1A0090C903 /* game.swift */; };
		94B8AE86290786FB0090C903 /* dwarf.swift in Sources */ = {isa = PBXBuildFile; fileRef = 94B8AE85290786FA0090C903 /* dwarf.swift */; };
		94B8AE8829079A980090C903 /* warrior.swift in Sources */ = {isa = PBXBuildFile; fileRef = 94B8AE8729079A980090C903 /* warrior.swift */; };
		94B8AE8A29079AA90090C903 /* colossus.swift in Sources */ = {isa = PBXBuildFile; fileRef = 94B8AE8929079AA90090C903 /* colossus.swift */; };
		94B8AE8C29079AB80090C903 /* magus.swift in Sources */ = {isa = PBXBuildFile; fileRef = 94B8AE8B29079AB80090C903 /* magus.swift */; };
		94FB2BF829067BCE006518C3 /* main.swift in Sources */ = {isa = PBXBuildFile; fileRef = 94FB2BF729067BCE006518C3 /* main.swift */; };
/* End PBXBuildFile section */

/* Begin PBXCopyFilesBuildPhase section */
		94FB2BF229067BCE006518C3 /* CopyFiles */ = {
			isa = PBXCopyFilesBuildPhase;
			buildActionMask = 2147483647;
			dstPath = /usr/share/man/man1/;
			dstSubfolderSpec = 0;
			files = (
			);
			runOnlyForDeploymentPostprocessing = 1;
		};
/* End PBXCopyFilesBuildPhase section */

/* Begin PBXFileReference section */
		9408933E2917C1B300935D23 /* messages.swift */ = {isa = PBXFileReference; lastKnownFileType = sourcecode.swift; path = messages.swift; sourceTree = "<group>"; };
		9452A24C292D96AE00B3E205 /* players.swift */ = {isa = PBXFileReference; lastKnownFileType = sourcecode.swift; path = players.swift; sourceTree = "<group>"; };
		94A2D1932914FDC10090B9CC /* character.swift */ = {isa = PBXFileReference; lastKnownFileType = sourcecode.swift; path = character.swift; sourceTree = "<group>"; };
		94B8AE7F29077B1A0090C903 /* game.swift */ = {isa = PBXFileReference; lastKnownFileType = sourcecode.swift; path = game.swift; sourceTree = "<group>"; };
		94B8AE85290786FA0090C903 /* dwarf.swift */ = {isa = PBXFileReference; lastKnownFileType = sourcecode.swift; path = dwarf.swift; sourceTree = "<group>"; };
		94B8AE8729079A980090C903 /* warrior.swift */ = {isa = PBXFileReference; lastKnownFileType = sourcecode.swift; path = warrior.swift; sourceTree = "<group>"; };
		94B8AE8929079AA90090C903 /* colossus.swift */ = {isa = PBXFileReference; lastKnownFileType = sourcecode.swift; path = colossus.swift; sourceTree = "<group>"; };
		94B8AE8B29079AB80090C903 /* magus.swift */ = {isa = PBXFileReference; lastKnownFileType = sourcecode.swift; path = magus.swift; sourceTree = "<group>"; };
		94FB2BF429067BCE006518C3 /* P3 */ = {isa = PBXFileReference; explicitFileType = "compiled.mach-o.executable"; includeInIndex = 0; path = P3; sourceTree = BUILT_PRODUCTS_DIR; };
		94FB2BF729067BCE006518C3 /* main.swift */ = {isa = PBXFileReference; lastKnownFileType = sourcecode.swift; path = main.swift; sourceTree = "<group>"; };
/* End PBXFileReference section */

/* Begin PBXFrameworksBuildPhase section */
		94FB2BF129067BCE006518C3 /* Frameworks */ = {
			isa = PBXFrameworksBuildPhase;
			buildActionMask = 2147483647;
			files = (
			);
			runOnlyForDeploymentPostprocessing = 0;
		};
/* End PBXFrameworksBuildPhase section */

/* Begin PBXGroup section */
		9451F73B29302DF900478CF7 /* Character */ = {
			isa = PBXGroup;
			children = (
				94A2D1932914FDC10090B9CC /* character.swift */,
				94B8AE8929079AA90090C903 /* colossus.swift */,
				94B8AE85290786FA0090C903 /* dwarf.swift */,
				94B8AE8B29079AB80090C903 /* magus.swift */,
				94B8AE8729079A980090C903 /* warrior.swift */,
			);
			path = Character;
			sourceTree = "<group>";
		};
		94FB2BEB29067BCE006518C3 = {
			isa = PBXGroup;
			children = (
				94FB2BF629067BCE006518C3 /* P3 */,
				94FB2BF529067BCE006518C3 /* Products */,
			);
			sourceTree = "<group>";
		};
		94FB2BF529067BCE006518C3 /* Products */ = {
			isa = PBXGroup;
			children = (
				94FB2BF429067BCE006518C3 /* P3 */,
			);
			name = Products;
			sourceTree = "<group>";
		};
		94FB2BF629067BCE006518C3 /* P3 */ = {
			isa = PBXGroup;
			children = (
				9451F73B29302DF900478CF7 /* Character */,
				9452A24C292D96AE00B3E205 /* players.swift */,
				9408933E2917C1B300935D23 /* messages.swift */,
				94B8AE7F29077B1A0090C903 /* game.swift */,
				94FB2BF729067BCE006518C3 /* main.swift */,
			);
			path = P3;
			sourceTree = "<group>";
		};
/* End PBXGroup section */

/* Begin PBXNativeTarget section */
		94FB2BF329067BCE006518C3 /* P3 */ = {
			isa = PBXNativeTarget;
			buildConfigurationList = 94FB2BFB29067BCE006518C3 /* Build configuration list for PBXNativeTarget "P3" */;
			buildPhases = (
				94FB2BF029067BCE006518C3 /* Sources */,
				94FB2BF129067BCE006518C3 /* Frameworks */,
				94FB2BF229067BCE006518C3 /* CopyFiles */,
			);
			buildRules = (
			);
			dependencies = (
			);
			name = P3;
			productName = P3;
			productReference = 94FB2BF429067BCE006518C3 /* P3 */;
			productType = "com.apple.product-type.tool";
		};
/* End PBXNativeTarget section */

/* Begin PBXProject section */
		94FB2BEC29067BCE006518C3 /* Project object */ = {
			isa = PBXProject;
			attributes = {
				BuildIndependentTargetsInParallel = 1;
				LastSwiftUpdateCheck = 1400;
				LastUpgradeCheck = 1410;
				TargetAttributes = {
					94FB2BF329067BCE006518C3 = {
						CreatedOnToolsVersion = 14.0.1;
					};
				};
			};
			buildConfigurationList = 94FB2BEF29067BCE006518C3 /* Build configuration list for PBXProject "P3" */;
			compatibilityVersion = "Xcode 14.0";
			developmentRegion = en;
			hasScannedForEncodings = 0;
			knownRegions = (
				en,
				Base,
			);
			mainGroup = 94FB2BEB29067BCE006518C3;
			productRefGroup = 94FB2BF529067BCE006518C3 /* Products */;
			projectDirPath = "";
			projectRoot = "";
			targets = (
				94FB2BF329067BCE006518C3 /* P3 */,
			);
		};
/* End PBXProject section */

/* Begin PBXSourcesBuildPhase section */
		94FB2BF029067BCE006518C3 /* Sources */ = {
			isa = PBXSourcesBuildPhase;
			buildActionMask = 2147483647;
			files = (
				9408933F2917C1B300935D23 /* messages.swift in Sources */,
				94FB2BF829067BCE006518C3 /* main.swift in Sources */,
				94B8AE8829079A980090C903 /* warrior.swift in Sources */,
				94A2D1942914FDC10090B9CC /* character.swift in Sources */,
				94B8AE8C29079AB80090C903 /* magus.swift in Sources */,
				94B8AE86290786FB0090C903 /* dwarf.swift in Sources */,
				94B8AE8A29079AA90090C903 /* colossus.swift in Sources */,
				9452A24D292D96AE00B3E205 /* players.swift in Sources */,
				94B8AE8029077B1A0090C903 /* game.swift in Sources */,
			);
			runOnlyForDeploymentPostprocessing = 0;
		};
/* End PBXSourcesBuildPhase section */

/* Begin XCBuildConfiguration section */
		94FB2BF929067BCE006518C3 /* Debug */ = {
			isa = XCBuildConfiguration;
			buildSettings = {
				ALWAYS_SEARCH_USER_PATHS = NO;
				CLANG_ANALYZER_NONNULL = YES;
				CLANG_ANALYZER_NUMBER_OBJECT_CONVERSION = YES_AGGRESSIVE;
				CLANG_CXX_LANGUAGE_STANDARD = "gnu++20";
				CLANG_ENABLE_MODULES = YES;
				CLANG_ENABLE_OBJC_ARC = YES;
				CLANG_ENABLE_OBJC_WEAK = YES;
				CLANG_WARN_BLOCK_CAPTURE_AUTORELEASING = YES;
				CLANG_WARN_BOOL_CONVERSION = YES;
				CLANG_WARN_COMMA = YES;
				CLANG_WARN_CONSTANT_CONVERSION = YES;
				CLANG_WARN_DEPRECATED_OBJC_IMPLEMENTATIONS = YES;
				CLANG_WARN_DIRECT_OBJC_ISA_USAGE = YES_ERROR;
				CLANG_WARN_DOCUMENTATION_COMMENTS = YES;
				CLANG_WARN_EMPTY_BODY = YES;
				CLANG_WARN_ENUM_CONVERSION = YES;
				CLANG_WARN_INFINITE_RECURSION = YES;
				CLANG_WARN_INT_CONVERSION = YES;
				CLANG_WARN_NON_LITERAL_NULL_CONVERSION = YES;
				CLANG_WARN_OBJC_IMPLICIT_RETAIN_SELF = YES;
				CLANG_WARN_OBJC_LITERAL_CONVERSION = YES;
				CLANG_WARN_OBJC_ROOT_CLASS = YES_ERROR;
				CLANG_WARN_QUOTED_INCLUDE_IN_FRAMEWORK_HEADER = YES;
				CLANG_WARN_RANGE_LOOP_ANALYSIS = YES;
				CLANG_WARN_STRICT_PROTOTYPES = YES;
				CLANG_WARN_SUSPICIOUS_MOVE = YES;
				CLANG_WARN_UNGUARDED_AVAILABILITY = YES_AGGRESSIVE;
				CLANG_WARN_UNREACHABLE_CODE = YES;
				CLANG_WARN__DUPLICATE_METHOD_MATCH = YES;
				COPY_PHASE_STRIP = NO;
				DEAD_CODE_STRIPPING = YES;
				DEBUG_INFORMATION_FORMAT = dwarf;
				ENABLE_STRICT_OBJC_MSGSEND = YES;
				ENABLE_TESTABILITY = YES;
				GCC_C_LANGUAGE_STANDARD = gnu11;
				GCC_DYNAMIC_NO_PIC = NO;
				GCC_NO_COMMON_BLOCKS = YES;
				GCC_OPTIMIZATION_LEVEL = 0;
				GCC_PREPROCESSOR_DEFINITIONS = (
					"DEBUG=1",
					"$(inherited)",
				);
				GCC_WARN_64_TO_32_BIT_CONVERSION = YES;
				GCC_WARN_ABOUT_RETURN_TYPE = YES_ERROR;
				GCC_WARN_UNDECLARED_SELECTOR = YES;
				GCC_WARN_UNINITIALIZED_AUTOS = YES_AGGRESSIVE;
				GCC_WARN_UNUSED_FUNCTION = YES;
				GCC_WARN_UNUSED_VARIABLE = YES;
				MACOSX_DEPLOYMENT_TARGET = 12.3;
				MTL_ENABLE_DEBUG_INFO = INCLUDE_SOURCE;
				MTL_FAST_MATH = YES;
				ONLY_ACTIVE_ARCH = YES;
				SDKROOT = macosx;
				SWIFT_ACTIVE_COMPILATION_CONDITIONS = DEBUG;
				SWIFT_OPTIMIZATION_LEVEL = "-Onone";
			};
			name = Debug;
		};
		94FB2BFA29067BCE006518C3 /* Release */ = {
			isa = XCBuildConfiguration;
			buildSettings = {
				ALWAYS_SEARCH_USER_PATHS = NO;
				CLANG_ANALYZER_NONNULL = YES;
				CLANG_ANALYZER_NUMBER_OBJECT_CONVERSION = YES_AGGRESSIVE;
				CLANG_CXX_LANGUAGE_STANDARD = "gnu++20";
				CLANG_ENABLE_MODULES = YES;
				CLANG_ENABLE_OBJC_ARC = YES;
				CLANG_ENABLE_OBJC_WEAK = YES;
				CLANG_WARN_BLOCK_CAPTURE_AUTORELEASING = YES;
				CLANG_WARN_BOOL_CONVERSION = YES;
				CLANG_WARN_COMMA = YES;
				CLANG_WARN_CONSTANT_CONVERSION = YES;
				CLANG_WARN_DEPRECATED_OBJC_IMPLEMENTATIONS = YES;
				CLANG_WARN_DIRECT_OBJC_ISA_USAGE = YES_ERROR;
				CLANG_WARN_DOCUMENTATION_COMMENTS = YES;
				CLANG_WARN_EMPTY_BODY = YES;
				CLANG_WARN_ENUM_CONVERSION = YES;
				CLANG_WARN_INFINITE_RECURSION = YES;
				CLANG_WARN_INT_CONVERSION = YES;
				CLANG_WARN_NON_LITERAL_NULL_CONVERSION = YES;
				CLANG_WARN_OBJC_IMPLICIT_RETAIN_SELF = YES;
				CLANG_WARN_OBJC_LITERAL_CONVERSION = YES;
				CLANG_WARN_OBJC_ROOT_CLASS = YES_ERROR;
				CLANG_WARN_QUOTED_INCLUDE_IN_FRAMEWORK_HEADER = YES;
				CLANG_WARN_RANGE_LOOP_ANALYSIS = YES;
				CLANG_WARN_STRICT_PROTOTYPES = YES;
				CLANG_WARN_SUSPICIOUS_MOVE = YES;
				CLANG_WARN_UNGUARDED_AVAILABILITY = YES_AGGRESSIVE;
				CLANG_WARN_UNREACHABLE_CODE = YES;
				CLANG_WARN__DUPLICATE_METHOD_MATCH = YES;
				COPY_PHASE_STRIP = NO;
				DEAD_CODE_STRIPPING = YES;
				DEBUG_INFORMATION_FORMAT = "dwarf-with-dsym";
				ENABLE_NS_ASSERTIONS = NO;
				ENABLE_STRICT_OBJC_MSGSEND = YES;
				GCC_C_LANGUAGE_STANDARD = gnu11;
				GCC_NO_COMMON_BLOCKS = YES;
				GCC_WARN_64_TO_32_BIT_CONVERSION = YES;
				GCC_WARN_ABOUT_RETURN_TYPE = YES_ERROR;
				GCC_WARN_UNDECLARED_SELECTOR = YES;
				GCC_WARN_UNINITIALIZED_AUTOS = YES_AGGRESSIVE;
				GCC_WARN_UNUSED_FUNCTION = YES;
				GCC_WARN_UNUSED_VARIABLE = YES;
				MACOSX_DEPLOYMENT_TARGET = 12.3;
				MTL_ENABLE_DEBUG_INFO = NO;
				MTL_FAST_MATH = YES;
				SDKROOT = macosx;
				SWIFT_COMPILATION_MODE = wholemodule;
				SWIFT_OPTIMIZATION_LEVEL = "-O";
			};
			name = Release;
		};
		94FB2BFC29067BCE006518C3 /* Debug */ = {
			isa = XCBuildConfiguration;
			buildSettings = {
				CODE_SIGN_IDENTITY = "-";
				CODE_SIGN_STYLE = Automatic;
				DEAD_CODE_STRIPPING = YES;
				PRODUCT_NAME = "$(TARGET_NAME)";
				SWIFT_VERSION = 5.0;
			};
			name = Debug;
		};
		94FB2BFD29067BCE006518C3 /* Release */ = {
			isa = XCBuildConfiguration;
			buildSettings = {
				CODE_SIGN_IDENTITY = "-";
				CODE_SIGN_STYLE = Automatic;
				DEAD_CODE_STRIPPING = YES;
				PRODUCT_NAME = "$(TARGET_NAME)";
				SWIFT_VERSION = 5.0;
			};
			name = Release;
		};
/* End XCBuildConfiguration section */

/* Begin XCConfigurationList section */
		94FB2BEF29067BCE006518C3 /* Build configuration list for PBXProject "P3" */ = {
			isa = XCConfigurationList;
			buildConfigurations = (
				94FB2BF929067BCE006518C3 /* Debug */,
				94FB2BFA29067BCE006518C3 /* Release */,
			);
			defaultConfigurationIsVisible = 0;
			defaultConfigurationName = Release;
		};
		94FB2BFB29067BCE006518C3 /* Build configuration list for PBXNativeTarget "P3" */ = {
			isa = XCConfigurationList;
			buildConfigurations = (
				94FB2BFC29067BCE006518C3 /* Debug */,
				94FB2BFD29067BCE006518C3 /* Release */,
			);
			defaultConfigurationIsVisible = 0;
			defaultConfigurationName = Release;
		};
/* End XCConfigurationList section */
	};
	rootObject = 94FB2BEC29067BCE006518C3 /* Project object */;
}
